// !$*UTF8*$!
{
	archiveVersion = 1;
	classes = {
	};
	objectVersion = 46;
	objects = {

/* Begin PBXBuildFile section */
		082F50CD1D7168EC00DE883A /* AppDelegate.swift in Sources */ = {isa = PBXBuildFile; fileRef = 082F50CC1D7168EC00DE883A /* AppDelegate.swift */; };
		082F50CF1D7168EC00DE883A /* ViewController.swift in Sources */ = {isa = PBXBuildFile; fileRef = 082F50CE1D7168EC00DE883A /* ViewController.swift */; };
		082F50D21D7168EC00DE883A /* Main.storyboard in Resources */ = {isa = PBXBuildFile; fileRef = 082F50D01D7168EC00DE883A /* Main.storyboard */; };
		082F50D41D7168EC00DE883A /* Assets.xcassets in Resources */ = {isa = PBXBuildFile; fileRef = 082F50D31D7168EC00DE883A /* Assets.xcassets */; };
		082F50D71D7168EC00DE883A /* LaunchScreen.storyboard in Resources */ = {isa = PBXBuildFile; fileRef = 082F50D51D7168EC00DE883A /* LaunchScreen.storyboard */; };
/* End PBXBuildFile section */

/* Begin PBXFileReference section */
		082F50C91D7168EC00DE883A /* PDFloraButton.app */ = {isa = PBXFileReference; explicitFileType = wrapper.application; includeInIndex = 0; path = PDFloraButton.app; sourceTree = BUILT_PRODUCTS_DIR; };
		082F50CC1D7168EC00DE883A /* AppDelegate.swift */ = {isa = PBXFileReference; lastKnownFileType = sourcecode.swift; path = AppDelegate.swift; sourceTree = "<group>"; };
		082F50CE1D7168EC00DE883A /* ViewController.swift */ = {isa = PBXFileReference; lastKnownFileType = sourcecode.swift; path = ViewController.swift; sourceTree = "<group>"; };
		082F50D11D7168EC00DE883A /* Base */ = {isa = PBXFileReference; lastKnownFileType = file.storyboard; name = Base; path = Base.lproj/Main.storyboard; sourceTree = "<group>"; };
		082F50D31D7168EC00DE883A /* Assets.xcassets */ = {isa = PBXFileReference; lastKnownFileType = folder.assetcatalog; path = Assets.xcassets; sourceTree = "<group>"; };
		082F50D61D7168EC00DE883A /* Base */ = {isa = PBXFileReference; lastKnownFileType = file.storyboard; name = Base; path = Base.lproj/LaunchScreen.storyboard; sourceTree = "<group>"; };
		082F50D81D7168EC00DE883A /* Info.plist */ = {isa = PBXFileReference; lastKnownFileType = text.plist.xml; path = Info.plist; sourceTree = "<group>"; };
/* End PBXFileReference section */

/* Begin PBXFrameworksBuildPhase section */
		082F50C61D7168EC00DE883A /* Frameworks */ = {
			isa = PBXFrameworksBuildPhase;
			buildActionMask = 2147483647;
			files = (
			);
			runOnlyForDeploymentPostprocessing = 0;
		};
/* End PBXFrameworksBuildPhase section */

/* Begin PBXGroup section */
		082F50C01D7168EC00DE883A = {
			isa = PBXGroup;
			children = (
				082F50CB1D7168EC00DE883A /* PDFloraButton */,
				082F50CA1D7168EC00DE883A /* Products */,
			);
			sourceTree = "<group>";
		};
		082F50CA1D7168EC00DE883A /* Products */ = {
			isa = PBXGroup;
			children = (
				082F50C91D7168EC00DE883A /* PDFloraButton.app */,
			);
			name = Products;
			sourceTree = "<group>";
		};
		082F50CB1D7168EC00DE883A /* PDFloraButton */ = {
			isa = PBXGroup;
			children = (
				082F50CC1D7168EC00DE883A /* AppDelegate.swift */,
				082F50CE1D7168EC00DE883A /* ViewController.swift */,
				082F50D01D7168EC00DE883A /* Main.storyboard */,
				082F50D31D7168EC00DE883A /* Assets.xcassets */,
				082F50D51D7168EC00DE883A /* LaunchScreen.storyboard */,
				082F50D81D7168EC00DE883A /* Info.plist */,
			);
			path = PDFloraButton;
			sourceTree = "<group>";
		};
/* End PBXGroup section */

/* Begin PBXNativeTarget section */
		082F50C81D7168EC00DE883A /* PDFloraButton */ = {
			isa = PBXNativeTarget;
			buildConfigurationList = 082F50DB1D7168EC00DE883A /* Build configuration list for PBXNativeTarget "PDFloraButton" */;
			buildPhases = (
				082F50C51D7168EC00DE883A /* Sources */,
				082F50C61D7168EC00DE883A /* Frameworks */,
				082F50C71D7168EC00DE883A /* Resources */,
			);
			buildRules = (
			);
			dependencies = (
			);
			name = PDFloraButton;
			productName = PDFloraButton;
			productReference = 082F50C91D7168EC00DE883A /* PDFloraButton.app */;
			productType = "com.apple.product-type.application";
		};
/* End PBXNativeTarget section */

/* Begin PBXProject section */
		082F50C11D7168EC00DE883A /* Project object */ = {
			isa = PBXProject;
			attributes = {
				LastSwiftUpdateCheck = 0730;
				LastUpgradeCheck = 0730;
				ORGANIZATIONNAME = "Priyam Dutta";
				TargetAttributes = {
					082F50C81D7168EC00DE883A = {
						CreatedOnToolsVersion = 7.3.1;
					};
				};
			};
			buildConfigurationList = 082F50C41D7168EC00DE883A /* Build configuration list for PBXProject "PDFloraButton" */;
			compatibilityVersion = "Xcode 3.2";
			developmentRegion = English;
			hasScannedForEncodings = 0;
			knownRegions = (
				en,
				Base,
			);
			mainGroup = 082F50C01D7168EC00DE883A;
			productRefGroup = 082F50CA1D7168EC00DE883A /* Products */;
			projectDirPath = "";
			projectRoot = "";
			targets = (
				082F50C81D7168EC00DE883A /* PDFloraButton */,
			);
		};
/* End PBXProject section */

/* Begin PBXResourcesBuildPhase section */
		082F50C71D7168EC00DE883A /* Resources */ = {
			isa = PBXResourcesBuildPhase;
			buildActionMask = 2147483647;
			files = (
				082F50D71D7168EC00DE883A /* LaunchScreen.storyboard in Resources */,
				082F50D41D7168EC00DE883A /* Assets.xcassets in Resources */,
				082F50D21D7168EC00DE883A /* Main.storyboard in Resources */,
			);
			runOnlyForDeploymentPostprocessing = 0;
		};
/* End PBXResourcesBuildPhase section */

/* Begin PBXSourcesBuildPhase section */
		082F50C51D7168EC00DE883A /* Sources */ = {
			isa = PBXSourcesBuildPhase;
			buildActionMask = 2147483647;
			files = (
				082F50CF1D7168EC00DE883A /* ViewController.swift in Sources */,
				082F50CD1D7168EC00DE883A /* AppDelegate.swift in Sources */,
			);
			runOnlyForDeploymentPostprocessing = 0;
		};
/* End PBXSourcesBuildPhase section */

/* Begin PBXVariantGroup section */
		082F50D01D7168EC00DE883A /* Main.storyboard */ = {
			isa = PBXVariantGroup;
			children = (
				082F50D11D7168EC00DE883A /* Base */,
			);
			name = Main.storyboard;
			sourceTree = "<group>";
		};
		082F50D51D7168EC00DE883A /* LaunchScreen.storyboard */ = {
			isa = PBXVariantGroup;
			children = (
				082F50D61D7168EC00DE883A /* Base */,
			);
			name = LaunchScreen.storyboard;
			sourceTree = "<group>";
		};
/* End PBXVariantGroup section */

/* Begin XCBuildConfiguration section */
		082F50D91D7168EC00DE883A /* Debug */ = {
			isa = XCBuildConfiguration;
			buildSettings = {
				ALWAYS_SEARCH_USER_PATHS = NO;
				CLANG_ANALYZER_NONNULL = YES;
				CLANG_CXX_LANGUAGE_STANDARD = "gnu++0x";
				CLANG_CXX_LIBRARY = "libc++";
				CLANG_ENABLE_MODULES = YES;
				CLANG_ENABLE_OBJC_ARC = YES;
				CLANG_WARN_BOOL_CONVERSION = YES;
				CLANG_WARN_CONSTANT_CONVERSION = YES;
				CLANG_WARN_DIRECT_OBJC_ISA_USAGE = YES_ERROR;
				CLANG_WARN_EMPTY_BODY = YES;
				CLANG_WARN_ENUM_CONVERSION = YES;
				CLANG_WARN_INT_CONVERSION = YES;
				CLANG_WARN_OBJC_ROOT_CLASS = YES_ERROR;
				CLANG_WARN_UNREACHABLE_CODE = YES;
				CLANG_WARN__DUPLICATE_METHOD_MATCH = YES;
				"CODE_SIGN_IDENTITY[sdk=iphoneos*]" = "iPhone Developer";
				COPY_PHASE_STRIP = NO;
				DEBUG_INFORMATION_FORMAT = dwarf;
				ENABLE_STRICT_OBJC_MSGSEND = YES;
				ENABLE_TESTABILITY = YES;
				GCC_C_LANGUAGE_STANDARD = gnu99;
				GCC_DYNAMIC_NO_PIC = NO;
				GCC_NO_COMMON_BLOCKS = YES;
				GCC_OPTIMIZATION_LEVEL = 0;
				GCC_PREPROCESSOR_DEFINITIONS = (
					"DEBUG=1",
					"$(inherited)",
				);
				GCC_WARN_64_TO_32_BIT_CONVERSION = YES;
				GCC_WARN_ABOUT_RETURN_TYPE = YES_ERROR;
				GCC_WARN_UNDECLARED_SELECTOR = YES;
				GCC_WARN_UNINITIALIZED_AUTOS = YES_AGGRESSIVE;
				GCC_WARN_UNUSED_FUNCTION = YES;
				GCC_WARN_UNUSED_VARIABLE = YES;
				IPHONEOS_DEPLOYMENT_TARGET = 9.3;
				MTL_ENABLE_DEBUG_INFO = YES;
				ONLY_ACTIVE_ARCH = YES;
				SDKROOT = iphoneos;
				SWIFT_OPTIMIZATION_LEVEL = "-Onone";
				TARGETED_DEVICE_FAMILY = "1,2";
			};
			name = Debug;
		};
		082F50DA1D7168EC00DE883A /* Release */ = {
			isa = XCBuildConfiguration;
			buildSettings = {
				ALWAYS_SEARCH_USER_PATHS = NO;
				CLANG_ANALYZER_NONNULL = YES;
				CLANG_CXX_LANGUAGE_STANDARD = "gnu++0x";
				CLANG_CXX_LIBRARY = "libc++";
				CLANG_ENABLE_MODULES = YES;
				CLANG_ENABLE_OBJC_ARC = YES;
				CLANG_WARN_BOOL_CONVERSION = YES;
				CLANG_WARN_CONSTANT_CONVERSION = YES;
				CLANG_WARN_DIRECT_OBJC_ISA_USAGE = YES_ERROR;
				CLANG_WARN_EMPTY_BODY = YES;
				CLANG_WARN_ENUM_CONVERSION = YES;
				CLANG_WARN_INT_CONVERSION = YES;
				CLANG_WARN_OBJC_ROOT_CLASS = YES_ERROR;
				CLANG_WARN_UNREACHABLE_CODE = YES;
				CLANG_WARN__DUPLICATE_METHOD_MATCH = YES;
				"CODE_SIGN_IDENTITY[sdk=iphoneos*]" = "iPhone Developer";
				COPY_PHASE_STRIP = NO;
				DEBUG_INFORMATION_FORMAT = "dwarf-with-dsym";
				ENABLE_NS_ASSERTIONS = NO;
				ENABLE_STRICT_OBJC_MSGSEND = YES;
				GCC_C_LANGUAGE_STANDARD = gnu99;
				GCC_NO_COMMON_BLOCKS = YES;
				GCC_WARN_64_TO_32_BIT_CONVERSION = YES;
				GCC_WARN_ABOUT_RETURN_TYPE = YES_ERROR;
				GCC_WARN_UNDECLARED_SELECTOR = YES;
				GCC_WARN_UNINITIALIZED_AUTOS = YES_AGGRESSIVE;
				GCC_WARN_UNUSED_FUNCTION = YES;
				GCC_WARN_UNUSED_VARIABLE = YES;
				IPHONEOS_DEPLOYMENT_TARGET = 9.3;
				MTL_ENABLE_DEBUG_INFO = NO;
				SDKROOT = iphoneos;
				TARGETED_DEVICE_FAMILY = "1,2";
				VALIDATE_PRODUCT = YES;
			};
			name = Release;
		};
		082F50DC1D7168EC00DE883A /* Debug */ = {
			isa = XCBuildConfiguration;
			buildSettings = {
				ASSETCATALOG_COMPILER_APPICON_NAME = AppIcon;
				INFOPLIST_FILE = PDFloraButton/Info.plist;
				LD_RUNPATH_SEARCH_PATHS = "$(inherited) @executable_path/Frameworks";
				PRODUCT_BUNDLE_IDENTIFIER = in.co.iOSPriyam.PDFloraButton;
				PRODUCT_NAME = "$(TARGET_NAME)";
			};
			name = Debug;
		};
		082F50DD1D7168EC00DE883A /* Release */ = {
			isa = XCBuildConfiguration;
			buildSettings = {
				ASSETCATALOG_COMPILER_APPICON_NAME = AppIcon;
				INFOPLIST_FILE = PDFloraButton/Info.plist;
				LD_RUNPATH_SEARCH_PATHS = "$(inherited) @executable_path/Frameworks";
				PRODUCT_BUNDLE_IDENTIFIER = in.co.iOSPriyam.PDFloraButton;
				PRODUCT_NAME = "$(TARGET_NAME)";
			};
			name = Release;
		};
/* End XCBuildConfiguration section */

/* Begin XCConfigurationList section */
		082F50C41D7168EC00DE883A /* Build configuration list for PBXProject "PDFloraButton" */ = {
			isa = XCConfigurationList;
			buildConfigurations = (
				082F50D91D7168EC00DE883A /* Debug */,
				082F50DA1D7168EC00DE883A /* Release */,
			);
			defaultConfigurationIsVisible = 0;
			defaultConfigurationName = Release;
		};
		082F50DB1D7168EC00DE883A /* Build configuration list for PBXNativeTarget "PDFloraButton" */ = {
			isa = XCConfigurationList;
			buildConfigurations = (
				082F50DC1D7168EC00DE883A /* Debug */,
				082F50DD1D7168EC00DE883A /* Release */,
			);
			defaultConfigurationIsVisible = 0;
		};
/* End XCConfigurationList section */
	};
	rootObject = 082F50C11D7168EC00DE883A /* Project object */;
}
